
Microsoft Visual Studio Solution File, Format Version 12.00
# Visual Studio Version 17
VisualStudioVersion = 17.9.34728.123
MinimumVisualStudioVersion = 10.0.40219.1
Project("{9A19103F-16F7-4668-BE54-9A1E7A4F7556}") = "Domain", "Domain\Domain.csproj", "{844FB72A-8CD0-4CB3-91E9-8BAAE530B841}"
EndProject
Project("{9A19103F-16F7-4668-BE54-9A1E7A4F7556}") = "Application", "Application\Application.csproj", "{294F94EB-224C-43A8-A567-6E425EBA05CE}"
EndProject
Project("{9A19103F-16F7-4668-BE54-9A1E7A4F7556}") = "Infrastructure", "Infrastructure\Infrastructure.csproj", "{39E25C5D-8566-433E-A3B5-A6229DB11B2E}"
EndProject
Project("{9A19103F-16F7-4668-BE54-9A1E7A4F7556}") = "WebAPI", "WebAPI\WebAPI.csproj", "{9F3A5741-AD88-4F34-9333-6C384BE1E2D5}"
EndProject
Global
	GlobalSection(SolutionConfigurationPlatforms) = preSolution
		Debug|Any CPU = Debug|Any CPU
		Release|Any CPU = Release|Any CPU
	EndGlobalSection
	GlobalSection(ProjectConfigurationPlatforms) = postSolution
		{844FB72A-8CD0-4CB3-91E9-8BAAE530B841}.Debug|Any CPU.ActiveCfg = Debug|Any CPU
		{844FB72A-8CD0-4CB3-91E9-8BAAE530B841}.Debug|Any CPU.Build.0 = Debug|Any CPU
		{844FB72A-8CD0-4CB3-91E9-8BAAE530B841}.Release|Any CPU.ActiveCfg = Release|Any CPU
		{844FB72A-8CD0-4CB3-91E9-8BAAE530B841}.Release|Any CPU.Build.0 = Release|Any CPU
		{294F94EB-224C-43A8-A567-6E425EBA05CE}.Debug|Any CPU.ActiveCfg = Debug|Any CPU
		{294F94EB-224C-43A8-A567-6E425EBA05CE}.Debug|Any CPU.Build.0 = Debug|Any CPU
		{294F94EB-224C-43A8-A567-6E425EBA05CE}.Release|Any CPU.ActiveCfg = Release|Any CPU
		{294F94EB-224C-43A8-A567-6E425EBA05CE}.Release|Any CPU.Build.0 = Release|Any CPU
		{39E25C5D-8566-433E-A3B5-A6229DB11B2E}.Debug|Any CPU.ActiveCfg = Debug|Any CPU
		{39E25C5D-8566-433E-A3B5-A6229DB11B2E}.Debug|Any CPU.Build.0 = Debug|Any CPU
		{39E25C5D-8566-433E-A3B5-A6229DB11B2E}.Release|Any CPU.ActiveCfg = Release|Any CPU
		{39E25C5D-8566-433E-A3B5-A6229DB11B2E}.Release|Any CPU.Build.0 = Release|Any CPU
		{9F3A5741-AD88-4F34-9333-6C384BE1E2D5}.Debug|Any CPU.ActiveCfg = Debug|Any CPU
		{9F3A5741-AD88-4F34-9333-6C384BE1E2D5}.Debug|Any CPU.Build.0 = Debug|Any CPU
		{9F3A5741-AD88-4F34-9333-6C384BE1E2D5}.Release|Any CPU.ActiveCfg = Release|Any CPU
		{9F3A5741-AD88-4F34-9333-6C384BE1E2D5}.Release|Any CPU.Build.0 = Release|Any CPU
	EndGlobalSection
	GlobalSection(SolutionProperties) = preSolution
		HideSolutionNode = FALSE
	EndGlobalSection
	GlobalSection(ExtensibilityGlobals) = postSolution
		SolutionGuid = {6A6A8E41-91F6-4917-96E8-4DF80C169A58}
	EndGlobalSection
EndGlobal
